
Microsoft Visual Studio Solution File, Format Version 12.00
# Visual Studio Version 17
VisualStudioVersion = 17.5.002.0
MinimumVisualStudioVersion = 10.0.40219.1
Project("{9A19103F-16F7-4668-BE54-9A1E7A4F7556}") = "ContosoPizza", "ContosoPizza.csproj", "{8E1B5A2E-561D-4026-88B5-A6FBD955F3DE}"
EndProject
Global
	GlobalSection(SolutionConfigurationPlatforms) = preSolution
		Debug|Any CPU = Debug|Any CPU
		Release|Any CPU = Release|Any CPU
	EndGlobalSection
	GlobalSection(ProjectConfigurationPlatforms) = postSolution
		{8E1B5A2E-561D-4026-88B5-A6FBD955F3DE}.Debug|Any CPU.ActiveCfg = Debug|Any CPU
		{8E1B5A2E-561D-4026-88B5-A6FBD955F3DE}.Debug|Any CPU.Build.0 = Debug|Any CPU
		{8E1B5A2E-561D-4026-88B5-A6FBD955F3DE}.Release|Any CPU.ActiveCfg = Release|Any CPU
		{8E1B5A2E-561D-4026-88B5-A6FBD955F3DE}.Release|Any CPU.Build.0 = Release|Any CPU
	EndGlobalSection
	GlobalSection(SolutionProperties) = preSolution
		HideSolutionNode = FALSE
	EndGlobalSection
	GlobalSection(ExtensibilityGlobals) = postSolution
		SolutionGuid = {B8B7784E-29A4-40B6-AAAE-F99E2E0D9AC0}
	EndGlobalSection
EndGlobal
